// !$*UTF8*$!
{
	archiveVersion = 1;
	classes = {
	};
	objectVersion = 50;
	objects = {

/* Begin PBXBuildFile section */
		9322293E2663B26F0010ECA7 /* nikoldrawApp.swift in Sources */ = {isa = PBXBuildFile; fileRef = 9322293D2663B26F0010ECA7 /* nikoldrawApp.swift */; };
		932229402663B26F0010ECA7 /* ContentView.swift in Sources */ = {isa = PBXBuildFile; fileRef = 9322293F2663B26F0010ECA7 /* ContentView.swift */; };
		932229422663B2700010ECA7 /* Assets.xcassets in Resources */ = {isa = PBXBuildFile; fileRef = 932229412663B2700010ECA7 /* Assets.xcassets */; };
		932229452663B2700010ECA7 /* Preview Assets.xcassets in Resources */ = {isa = PBXBuildFile; fileRef = 932229442663B2700010ECA7 /* Preview Assets.xcassets */; };
		932229472663B2700010ECA7 /* Persistence.swift in Sources */ = {isa = PBXBuildFile; fileRef = 932229462663B2700010ECA7 /* Persistence.swift */; };
		9322294A2663B2700010ECA7 /* nikoldraw.xcdatamodeld in Sources */ = {isa = PBXBuildFile; fileRef = 932229482663B2700010ECA7 /* nikoldraw.xcdatamodeld */; };
		932229552663B2700010ECA7 /* nikoldrawTests.swift in Sources */ = {isa = PBXBuildFile; fileRef = 932229542663B2700010ECA7 /* nikoldrawTests.swift */; };
		932229602663B2700010ECA7 /* nikoldrawUITests.swift in Sources */ = {isa = PBXBuildFile; fileRef = 9322295F2663B2700010ECA7 /* nikoldrawUITests.swift */; };
/* End PBXBuildFile section */

/* Begin PBXContainerItemProxy section */
		932229512663B2700010ECA7 /* PBXContainerItemProxy */ = {
			isa = PBXContainerItemProxy;
			containerPortal = 932229322663B26F0010ECA7 /* Project object */;
			proxyType = 1;
			remoteGlobalIDString = 932229392663B26F0010ECA7;
			remoteInfo = nikoldraw;
		};
		9322295C2663B2700010ECA7 /* PBXContainerItemProxy */ = {
			isa = PBXContainerItemProxy;
			containerPortal = 932229322663B26F0010ECA7 /* Project object */;
			proxyType = 1;
			remoteGlobalIDString = 932229392663B26F0010ECA7;
			remoteInfo = nikoldraw;
		};
/* End PBXContainerItemProxy section */

/* Begin PBXFileReference section */
		9322293A2663B26F0010ECA7 /* nikoldraw.app */ = {isa = PBXFileReference; explicitFileType = wrapper.application; includeInIndex = 0; path = nikoldraw.app; sourceTree = BUILT_PRODUCTS_DIR; };
		9322293D2663B26F0010ECA7 /* nikoldrawApp.swift */ = {isa = PBXFileReference; lastKnownFileType = sourcecode.swift; path = nikoldrawApp.swift; sourceTree = "<group>"; };
		9322293F2663B26F0010ECA7 /* ContentView.swift */ = {isa = PBXFileReference; lastKnownFileType = sourcecode.swift; path = ContentView.swift; sourceTree = "<group>"; };
		932229412663B2700010ECA7 /* Assets.xcassets */ = {isa = PBXFileReference; lastKnownFileType = folder.assetcatalog; path = Assets.xcassets; sourceTree = "<group>"; };
		932229442663B2700010ECA7 /* Preview Assets.xcassets */ = {isa = PBXFileReference; lastKnownFileType = folder.assetcatalog; path = "Preview Assets.xcassets"; sourceTree = "<group>"; };
		932229462663B2700010ECA7 /* Persistence.swift */ = {isa = PBXFileReference; lastKnownFileType = sourcecode.swift; path = Persistence.swift; sourceTree = "<group>"; };
		932229492663B2700010ECA7 /* nikoldraw.xcdatamodel */ = {isa = PBXFileReference; lastKnownFileType = wrapper.xcdatamodel; path = nikoldraw.xcdatamodel; sourceTree = "<group>"; };
		9322294B2663B2700010ECA7 /* Info.plist */ = {isa = PBXFileReference; lastKnownFileType = text.plist.xml; path = Info.plist; sourceTree = "<group>"; };
		932229502663B2700010ECA7 /* nikoldrawTests.xctest */ = {isa = PBXFileReference; explicitFileType = wrapper.cfbundle; includeInIndex = 0; path = nikoldrawTests.xctest; sourceTree = BUILT_PRODUCTS_DIR; };
		932229542663B2700010ECA7 /* nikoldrawTests.swift */ = {isa = PBXFileReference; lastKnownFileType = sourcecode.swift; path = nikoldrawTests.swift; sourceTree = "<group>"; };
		932229562663B2700010ECA7 /* Info.plist */ = {isa = PBXFileReference; lastKnownFileType = text.plist.xml; path = Info.plist; sourceTree = "<group>"; };
		9322295B2663B2700010ECA7 /* nikoldrawUITests.xctest */ = {isa = PBXFileReference; explicitFileType = wrapper.cfbundle; includeInIndex = 0; path = nikoldrawUITests.xctest; sourceTree = BUILT_PRODUCTS_DIR; };
		9322295F2663B2700010ECA7 /* nikoldrawUITests.swift */ = {isa = PBXFileReference; lastKnownFileType = sourcecode.swift; path = nikoldrawUITests.swift; sourceTree = "<group>"; };
		932229612663B2700010ECA7 /* Info.plist */ = {isa = PBXFileReference; lastKnownFileType = text.plist.xml; path = Info.plist; sourceTree = "<group>"; };
/* End PBXFileReference section */

/* Begin PBXFrameworksBuildPhase section */
		932229372663B26F0010ECA7 /* Frameworks */ = {
			isa = PBXFrameworksBuildPhase;
			buildActionMask = 2147483647;
			files = (
			);
			runOnlyForDeploymentPostprocessing = 0;
		};
		9322294D2663B2700010ECA7 /* Frameworks */ = {
			isa = PBXFrameworksBuildPhase;
			buildActionMask = 2147483647;
			files = (
			);
			runOnlyForDeploymentPostprocessing = 0;
		};
		932229582663B2700010ECA7 /* Frameworks */ = {
			isa = PBXFrameworksBuildPhase;
			buildActionMask = 2147483647;
			files = (
			);
			runOnlyForDeploymentPostprocessing = 0;
		};
/* End PBXFrameworksBuildPhase section */

/* Begin PBXGroup section */
		932229312663B26F0010ECA7 = {
			isa = PBXGroup;
			children = (
				9322293C2663B26F0010ECA7 /* nikoldraw */,
				932229532663B2700010ECA7 /* nikoldrawTests */,
				9322295E2663B2700010ECA7 /* nikoldrawUITests */,
				9322293B2663B26F0010ECA7 /* Products */,
			);
			sourceTree = "<group>";
		};
		9322293B2663B26F0010ECA7 /* Products */ = {
			isa = PBXGroup;
			children = (
				9322293A2663B26F0010ECA7 /* nikoldraw.app */,
				932229502663B2700010ECA7 /* nikoldrawTests.xctest */,
				9322295B2663B2700010ECA7 /* nikoldrawUITests.xctest */,
			);
			name = Products;
			sourceTree = "<group>";
		};
		9322293C2663B26F0010ECA7 /* nikoldraw */ = {
			isa = PBXGroup;
			children = (
				9322293D2663B26F0010ECA7 /* nikoldrawApp.swift */,
				9322293F2663B26F0010ECA7 /* ContentView.swift */,
				932229412663B2700010ECA7 /* Assets.xcassets */,
				932229462663B2700010ECA7 /* Persistence.swift */,
				9322294B2663B2700010ECA7 /* Info.plist */,
				932229482663B2700010ECA7 /* nikoldraw.xcdatamodeld */,
				932229432663B2700010ECA7 /* Preview Content */,
			);
			path = nikoldraw;
			sourceTree = "<group>";
		};
		932229432663B2700010ECA7 /* Preview Content */ = {
			isa = PBXGroup;
			children = (
				932229442663B2700010ECA7 /* Preview Assets.xcassets */,
			);
			path = "Preview Content";
			sourceTree = "<group>";
		};
		932229532663B2700010ECA7 /* nikoldrawTests */ = {
			isa = PBXGroup;
			children = (
				932229542663B2700010ECA7 /* nikoldrawTests.swift */,
				932229562663B2700010ECA7 /* Info.plist */,
			);
			path = nikoldrawTests;
			sourceTree = "<group>";
		};
		9322295E2663B2700010ECA7 /* nikoldrawUITests */ = {
			isa = PBXGroup;
			children = (
				9322295F2663B2700010ECA7 /* nikoldrawUITests.swift */,
				932229612663B2700010ECA7 /* Info.plist */,
			);
			path = nikoldrawUITests;
			sourceTree = "<group>";
		};
/* End PBXGroup section */

/* Begin PBXNativeTarget section */
		932229392663B26F0010ECA7 /* nikoldraw */ = {
			isa = PBXNativeTarget;
			buildConfigurationList = 932229642663B2700010ECA7 /* Build configuration list for PBXNativeTarget "nikoldraw" */;
			buildPhases = (
				932229362663B26F0010ECA7 /* Sources */,
				932229372663B26F0010ECA7 /* Frameworks */,
				932229382663B26F0010ECA7 /* Resources */,
			);
			buildRules = (
			);
			dependencies = (
			);
			name = nikoldraw;
			productName = nikoldraw;
			productReference = 9322293A2663B26F0010ECA7 /* nikoldraw.app */;
			productType = "com.apple.product-type.application";
		};
		9322294F2663B2700010ECA7 /* nikoldrawTests */ = {
			isa = PBXNativeTarget;
			buildConfigurationList = 932229672663B2700010ECA7 /* Build configuration list for PBXNativeTarget "nikoldrawTests" */;
			buildPhases = (
				9322294C2663B2700010ECA7 /* Sources */,
				9322294D2663B2700010ECA7 /* Frameworks */,
				9322294E2663B2700010ECA7 /* Resources */,
			);
			buildRules = (
			);
			dependencies = (
				932229522663B2700010ECA7 /* PBXTargetDependency */,
			);
			name = nikoldrawTests;
			productName = nikoldrawTests;
			productReference = 932229502663B2700010ECA7 /* nikoldrawTests.xctest */;
			productType = "com.apple.product-type.bundle.unit-test";
		};
		9322295A2663B2700010ECA7 /* nikoldrawUITests */ = {
			isa = PBXNativeTarget;
			buildConfigurationList = 9322296A2663B2700010ECA7 /* Build configuration list for PBXNativeTarget "nikoldrawUITests" */;
			buildPhases = (
				932229572663B2700010ECA7 /* Sources */,
				932229582663B2700010ECA7 /* Frameworks */,
				932229592663B2700010ECA7 /* Resources */,
			);
			buildRules = (
			);
			dependencies = (
				9322295D2663B2700010ECA7 /* PBXTargetDependency */,
			);
			name = nikoldrawUITests;
			productName = nikoldrawUITests;
			productReference = 9322295B2663B2700010ECA7 /* nikoldrawUITests.xctest */;
			productType = "com.apple.product-type.bundle.ui-testing";
		};
/* End PBXNativeTarget section */

/* Begin PBXProject section */
		932229322663B26F0010ECA7 /* Project object */ = {
			isa = PBXProject;
			attributes = {
				LastSwiftUpdateCheck = 1240;
				LastUpgradeCheck = 1240;
				TargetAttributes = {
					932229392663B26F0010ECA7 = {
						CreatedOnToolsVersion = 12.4;
					};
					9322294F2663B2700010ECA7 = {
						CreatedOnToolsVersion = 12.4;
						TestTargetID = 932229392663B26F0010ECA7;
					};
					9322295A2663B2700010ECA7 = {
						CreatedOnToolsVersion = 12.4;
						TestTargetID = 932229392663B26F0010ECA7;
					};
				};
			};
			buildConfigurationList = 932229352663B26F0010ECA7 /* Build configuration list for PBXProject "nikoldraw" */;
			compatibilityVersion = "Xcode 9.3";
			developmentRegion = en;
			hasScannedForEncodings = 0;
			knownRegions = (
				en,
				Base,
			);
			mainGroup = 932229312663B26F0010ECA7;
			productRefGroup = 9322293B2663B26F0010ECA7 /* Products */;
			projectDirPath = "";
			projectRoot = "";
			targets = (
				932229392663B26F0010ECA7 /* nikoldraw */,
				9322294F2663B2700010ECA7 /* nikoldrawTests */,
				9322295A2663B2700010ECA7 /* nikoldrawUITests */,
			);
		};
/* End PBXProject section */

/* Begin PBXResourcesBuildPhase section */
		932229382663B26F0010ECA7 /* Resources */ = {
			isa = PBXResourcesBuildPhase;
			buildActionMask = 2147483647;
			files = (
				932229452663B2700010ECA7 /* Preview Assets.xcassets in Resources */,
				932229422663B2700010ECA7 /* Assets.xcassets in Resources */,
			);
			runOnlyForDeploymentPostprocessing = 0;
		};
		9322294E2663B2700010ECA7 /* Resources */ = {
			isa = PBXResourcesBuildPhase;
			buildActionMask = 2147483647;
			files = (
			);
			runOnlyForDeploymentPostprocessing = 0;
		};
		932229592663B2700010ECA7 /* Resources */ = {
			isa = PBXResourcesBuildPhase;
			buildActionMask = 2147483647;
			files = (
			);
			runOnlyForDeploymentPostprocessing = 0;
		};
/* End PBXResourcesBuildPhase section */

/* Begin PBXSourcesBuildPhase section */
		932229362663B26F0010ECA7 /* Sources */ = {
			isa = PBXSourcesBuildPhase;
			buildActionMask = 2147483647;
			files = (
				932229472663B2700010ECA7 /* Persistence.swift in Sources */,
				9322294A2663B2700010ECA7 /* nikoldraw.xcdatamodeld in Sources */,
				932229402663B26F0010ECA7 /* ContentView.swift in Sources */,
				9322293E2663B26F0010ECA7 /* nikoldrawApp.swift in Sources */,
			);
			runOnlyForDeploymentPostprocessing = 0;
		};
		9322294C2663B2700010ECA7 /* Sources */ = {
			isa = PBXSourcesBuildPhase;
			buildActionMask = 2147483647;
			files = (
				932229552663B2700010ECA7 /* nikoldrawTests.swift in Sources */,
			);
			runOnlyForDeploymentPostprocessing = 0;
		};
		932229572663B2700010ECA7 /* Sources */ = {
			isa = PBXSourcesBuildPhase;
			buildActionMask = 2147483647;
			files = (
				932229602663B2700010ECA7 /* nikoldrawUITests.swift in Sources */,
			);
			runOnlyForDeploymentPostprocessing = 0;
		};
/* End PBXSourcesBuildPhase section */

/* Begin PBXTargetDependency section */
		932229522663B2700010ECA7 /* PBXTargetDependency */ = {
			isa = PBXTargetDependency;
			target = 932229392663B26F0010ECA7 /* nikoldraw */;
			targetProxy = 932229512663B2700010ECA7 /* PBXContainerItemProxy */;
		};
		9322295D2663B2700010ECA7 /* PBXTargetDependency */ = {
			isa = PBXTargetDependency;
			target = 932229392663B26F0010ECA7 /* nikoldraw */;
			targetProxy = 9322295C2663B2700010ECA7 /* PBXContainerItemProxy */;
		};
/* End PBXTargetDependency section */

/* Begin XCBuildConfiguration section */
		932229622663B2700010ECA7 /* Debug */ = {
			isa = XCBuildConfiguration;
			buildSettings = {
				ALWAYS_SEARCH_USER_PATHS = NO;
				CLANG_ANALYZER_NONNULL = YES;
				CLANG_ANALYZER_NUMBER_OBJECT_CONVERSION = YES_AGGRESSIVE;
				CLANG_CXX_LANGUAGE_STANDARD = "gnu++14";
				CLANG_CXX_LIBRARY = "libc++";
				CLANG_ENABLE_MODULES = YES;
				CLANG_ENABLE_OBJC_ARC = YES;
				CLANG_ENABLE_OBJC_WEAK = YES;
				CLANG_WARN_BLOCK_CAPTURE_AUTORELEASING = YES;
				CLANG_WARN_BOOL_CONVERSION = YES;
				CLANG_WARN_COMMA = YES;
				CLANG_WARN_CONSTANT_CONVERSION = YES;
				CLANG_WARN_DEPRECATED_OBJC_IMPLEMENTATIONS = YES;
				CLANG_WARN_DIRECT_OBJC_ISA_USAGE = YES_ERROR;
				CLANG_WARN_DOCUMENTATION_COMMENTS = YES;
				CLANG_WARN_EMPTY_BODY = YES;
				CLANG_WARN_ENUM_CONVERSION = YES;
				CLANG_WARN_INFINITE_RECURSION = YES;
				CLANG_WARN_INT_CONVERSION = YES;
				CLANG_WARN_NON_LITERAL_NULL_CONVERSION = YES;
				CLANG_WARN_OBJC_IMPLICIT_RETAIN_SELF = YES;
				CLANG_WARN_OBJC_LITERAL_CONVERSION = YES;
				CLANG_WARN_OBJC_ROOT_CLASS = YES_ERROR;
				CLANG_WARN_QUOTED_INCLUDE_IN_FRAMEWORK_HEADER = YES;
				CLANG_WARN_RANGE_LOOP_ANALYSIS = YES;
				CLANG_WARN_STRICT_PROTOTYPES = YES;
				CLANG_WARN_SUSPICIOUS_MOVE = YES;
				CLANG_WARN_UNGUARDED_AVAILABILITY = YES_AGGRESSIVE;
				CLANG_WARN_UNREACHABLE_CODE = YES;
				CLANG_WARN__DUPLICATE_METHOD_MATCH = YES;
				COPY_PHASE_STRIP = NO;
				DEBUG_INFORMATION_FORMAT = dwarf;
				ENABLE_STRICT_OBJC_MSGSEND = YES;
				ENABLE_TESTABILITY = YES;
				GCC_C_LANGUAGE_STANDARD = gnu11;
				GCC_DYNAMIC_NO_PIC = NO;
				GCC_NO_COMMON_BLOCKS = YES;
				GCC_OPTIMIZATION_LEVEL = 0;
				GCC_PREPROCESSOR_DEFINITIONS = (
					"DEBUG=1",
					"$(inherited)",
				);
				GCC_WARN_64_TO_32_BIT_CONVERSION = YES;
				GCC_WARN_ABOUT_RETURN_TYPE = YES_ERROR;
				GCC_WARN_UNDECLARED_SELECTOR = YES;
				GCC_WARN_UNINITIALIZED_AUTOS = YES_AGGRESSIVE;
				GCC_WARN_UNUSED_FUNCTION = YES;
				GCC_WARN_UNUSED_VARIABLE = YES;
				IPHONEOS_DEPLOYMENT_TARGET = 14.4;
				MTL_ENABLE_DEBUG_INFO = INCLUDE_SOURCE;
				MTL_FAST_MATH = YES;
				ONLY_ACTIVE_ARCH = YES;
				SDKROOT = iphoneos;
				SWIFT_ACTIVE_COMPILATION_CONDITIONS = DEBUG;
				SWIFT_OPTIMIZATION_LEVEL = "-Onone";
			};
			name = Debug;
		};
		932229632663B2700010ECA7 /* Release */ = {
			isa = XCBuildConfiguration;
			buildSettings = {
				ALWAYS_SEARCH_USER_PATHS = NO;
				CLANG_ANALYZER_NONNULL = YES;
				CLANG_ANALYZER_NUMBER_OBJECT_CONVERSION = YES_AGGRESSIVE;
				CLANG_CXX_LANGUAGE_STANDARD = "gnu++14";
				CLANG_CXX_LIBRARY = "libc++";
				CLANG_ENABLE_MODULES = YES;
				CLANG_ENABLE_OBJC_ARC = YES;
				CLANG_ENABLE_OBJC_WEAK = YES;
				CLANG_WARN_BLOCK_CAPTURE_AUTORELEASING = YES;
				CLANG_WARN_BOOL_CONVERSION = YES;
				CLANG_WARN_COMMA = YES;
				CLANG_WARN_CONSTANT_CONVERSION = YES;
				CLANG_WARN_DEPRECATED_OBJC_IMPLEMENTATIONS = YES;
				CLANG_WARN_DIRECT_OBJC_ISA_USAGE = YES_ERROR;
				CLANG_WARN_DOCUMENTATION_COMMENTS = YES;
				CLANG_WARN_EMPTY_BODY = YES;
				CLANG_WARN_ENUM_CONVERSION = YES;
				CLANG_WARN_INFINITE_RECURSION = YES;
				CLANG_WARN_INT_CONVERSION = YES;
				CLANG_WARN_NON_LITERAL_NULL_CONVERSION = YES;
				CLANG_WARN_OBJC_IMPLICIT_RETAIN_SELF = YES;
				CLANG_WARN_OBJC_LITERAL_CONVERSION = YES;
				CLANG_WARN_OBJC_ROOT_CLASS = YES_ERROR;
				CLANG_WARN_QUOTED_INCLUDE_IN_FRAMEWORK_HEADER = YES;
				CLANG_WARN_RANGE_LOOP_ANALYSIS = YES;
				CLANG_WARN_STRICT_PROTOTYPES = YES;
				CLANG_WARN_SUSPICIOUS_MOVE = YES;
				CLANG_WARN_UNGUARDED_AVAILABILITY = YES_AGGRESSIVE;
				CLANG_WARN_UNREACHABLE_CODE = YES;
				CLANG_WARN__DUPLICATE_METHOD_MATCH = YES;
				COPY_PHASE_STRIP = NO;
				DEBUG_INFORMATION_FORMAT = "dwarf-with-dsym";
				ENABLE_NS_ASSERTIONS = NO;
				ENABLE_STRICT_OBJC_MSGSEND = YES;
				GCC_C_LANGUAGE_STANDARD = gnu11;
				GCC_NO_COMMON_BLOCKS = YES;
				GCC_WARN_64_TO_32_BIT_CONVERSION = YES;
				GCC_WARN_ABOUT_RETURN_TYPE = YES_ERROR;
				GCC_WARN_UNDECLARED_SELECTOR = YES;
				GCC_WARN_UNINITIALIZED_AUTOS = YES_AGGRESSIVE;
				GCC_WARN_UNUSED_FUNCTION = YES;
				GCC_WARN_UNUSED_VARIABLE = YES;
				IPHONEOS_DEPLOYMENT_TARGET = 14.4;
				MTL_ENABLE_DEBUG_INFO = NO;
				MTL_FAST_MATH = YES;
				SDKROOT = iphoneos;
				SWIFT_COMPILATION_MODE = wholemodule;
				SWIFT_OPTIMIZATION_LEVEL = "-O";
				VALIDATE_PRODUCT = YES;
			};
			name = Release;
		};
		932229652663B2700010ECA7 /* Debug */ = {
			isa = XCBuildConfiguration;
			buildSettings = {
				ASSETCATALOG_COMPILER_APPICON_NAME = AppIcon;
				ASSETCATALOG_COMPILER_GLOBAL_ACCENT_COLOR_NAME = AccentColor;
				CODE_SIGN_STYLE = Automatic;
				DEVELOPMENT_ASSET_PATHS = "\"nikoldraw/Preview Content\"";
				ENABLE_PREVIEWS = YES;
				INFOPLIST_FILE = nikoldraw/Info.plist;
				IPHONEOS_DEPLOYMENT_TARGET = 14.0;
				LD_RUNPATH_SEARCH_PATHS = (
					"$(inherited)",
					"@executable_path/Frameworks",
				);
				PRODUCT_BUNDLE_IDENTIFIER = Danikirish.nikoldraw;
				PRODUCT_NAME = "$(TARGET_NAME)";
				SWIFT_VERSION = 5.0;
				TARGETED_DEVICE_FAMILY = "1,2";
			};
			name = Debug;
		};
		932229662663B2700010ECA7 /* Release */ = {
			isa = XCBuildConfiguration;
			buildSettings = {
				ASSETCATALOG_COMPILER_APPICON_NAME = AppIcon;
				ASSETCATALOG_COMPILER_GLOBAL_ACCENT_COLOR_NAME = AccentColor;
				CODE_SIGN_STYLE = Automatic;
				DEVELOPMENT_ASSET_PATHS = "\"nikoldraw/Preview Content\"";
				ENABLE_PREVIEWS = YES;
				INFOPLIST_FILE = nikoldraw/Info.plist;
				IPHONEOS_DEPLOYMENT_TARGET = 14.0;
				LD_RUNPATH_SEARCH_PATHS = (
					"$(inherited)",
					"@executable_path/Frameworks",
				);
				PRODUCT_BUNDLE_IDENTIFIER = Danikirish.nikoldraw;
				PRODUCT_NAME = "$(TARGET_NAME)";
				SWIFT_VERSION = 5.0;
				TARGETED_DEVICE_FAMILY = "1,2";
			};
			name = Release;
		};
		932229682663B2700010ECA7 /* Debug */ = {
			isa = XCBuildConfiguration;
			buildSettings = {
				ALWAYS_EMBED_SWIFT_STANDARD_LIBRARIES = YES;
				BUNDLE_LOADER = "$(TEST_HOST)";
				CODE_SIGN_STYLE = Automatic;
				INFOPLIST_FILE = nikoldrawTests/Info.plist;
				IPHONEOS_DEPLOYMENT_TARGET = 14.0;
				LD_RUNPATH_SEARCH_PATHS = (
					"$(inherited)",
					"@executable_path/Frameworks",
					"@loader_path/Frameworks",
				);
				PRODUCT_BUNDLE_IDENTIFIER = Danikirish.nikoldrawTests;
				PRODUCT_NAME = "$(TARGET_NAME)";
				SWIFT_VERSION = 5.0;
				TARGETED_DEVICE_FAMILY = "1,2";
				TEST_HOST = "$(BUILT_PRODUCTS_DIR)/nikoldraw.app/nikoldraw";
			};
			name = Debug;
		};
		932229692663B2700010ECA7 /* Release */ = {
			isa = XCBuildConfiguration;
			buildSettings = {
				ALWAYS_EMBED_SWIFT_STANDARD_LIBRARIES = YES;
				BUNDLE_LOADER = "$(TEST_HOST)";
				CODE_SIGN_STYLE = Automatic;
				INFOPLIST_FILE = nikoldrawTests/Info.plist;
				IPHONEOS_DEPLOYMENT_TARGET = 14.0;
				LD_RUNPATH_SEARCH_PATHS = (
					"$(inherited)",
					"@executable_path/Frameworks",
					"@loader_path/Frameworks",
				);
				PRODUCT_BUNDLE_IDENTIFIER = Danikirish.nikoldrawTests;
				PRODUCT_NAME = "$(TARGET_NAME)";
				SWIFT_VERSION = 5.0;
				TARGETED_DEVICE_FAMILY = "1,2";
				TEST_HOST = "$(BUILT_PRODUCTS_DIR)/nikoldraw.app/nikoldraw";
			};
			name = Release;
		};
		9322296B2663B2700010ECA7 /* Debug */ = {
			isa = XCBuildConfiguration;
			buildSettings = {
				ALWAYS_EMBED_SWIFT_STANDARD_LIBRARIES = YES;
				CODE_SIGN_STYLE = Automatic;
				INFOPLIST_FILE = nikoldrawUITests/Info.plist;
				LD_RUNPATH_SEARCH_PATHS = (
					"$(inherited)",
					"@executable_path/Frameworks",
					"@loader_path/Frameworks",
				);
				PRODUCT_BUNDLE_IDENTIFIER = Danikirish.nikoldrawUITests;
				PRODUCT_NAME = "$(TARGET_NAME)";
				SWIFT_VERSION = 5.0;
				TARGETED_DEVICE_FAMILY = "1,2";
				TEST_TARGET_NAME = nikoldraw;
			};
			name = Debug;
		};
		9322296C2663B2700010ECA7 /* Release */ = {
			isa = XCBuildConfiguration;
			buildSettings = {
				ALWAYS_EMBED_SWIFT_STANDARD_LIBRARIES = YES;
				CODE_SIGN_STYLE = Automatic;
				INFOPLIST_FILE = nikoldrawUITests/Info.plist;
				LD_RUNPATH_SEARCH_PATHS = (
					"$(inherited)",
					"@executable_path/Frameworks",
					"@loader_path/Frameworks",
				);
				PRODUCT_BUNDLE_IDENTIFIER = Danikirish.nikoldrawUITests;
				PRODUCT_NAME = "$(TARGET_NAME)";
				SWIFT_VERSION = 5.0;
				TARGETED_DEVICE_FAMILY = "1,2";
				TEST_TARGET_NAME = nikoldraw;
			};
			name = Release;
		};
/* End XCBuildConfiguration section */

/* Begin XCConfigurationList section */
		932229352663B26F0010ECA7 /* Build configuration list for PBXProject "nikoldraw" */ = {
			isa = XCConfigurationList;
			buildConfigurations = (
				932229622663B2700010ECA7 /* Debug */,
				932229632663B2700010ECA7 /* Release */,
			);
			defaultConfigurationIsVisible = 0;
			defaultConfigurationName = Release;
		};
		932229642663B2700010ECA7 /* Build configuration list for PBXNativeTarget "nikoldraw" */ = {
			isa = XCConfigurationList;
			buildConfigurations = (
				932229652663B2700010ECA7 /* Debug */,
				932229662663B2700010ECA7 /* Release */,
			);
			defaultConfigurationIsVisible = 0;
			defaultConfigurationName = Release;
		};
		932229672663B2700010ECA7 /* Build configuration list for PBXNativeTarget "nikoldrawTests" */ = {
			isa = XCConfigurationList;
			buildConfigurations = (
				932229682663B2700010ECA7 /* Debug */,
				932229692663B2700010ECA7 /* Release */,
			);
			defaultConfigurationIsVisible = 0;
			defaultConfigurationName = Release;
		};
		9322296A2663B2700010ECA7 /* Build configuration list for PBXNativeTarget "nikoldrawUITests" */ = {
			isa = XCConfigurationList;
			buildConfigurations = (
				9322296B2663B2700010ECA7 /* Debug */,
				9322296C2663B2700010ECA7 /* Release */,
			);
			defaultConfigurationIsVisible = 0;
			defaultConfigurationName = Release;
		};
/* End XCConfigurationList section */

/* Begin XCVersionGroup section */
		932229482663B2700010ECA7 /* nikoldraw.xcdatamodeld */ = {
			isa = XCVersionGroup;
			children = (
				932229492663B2700010ECA7 /* nikoldraw.xcdatamodel */,
			);
			currentVersion = 932229492663B2700010ECA7 /* nikoldraw.xcdatamodel */;
			path = nikoldraw.xcdatamodeld;
			sourceTree = "<group>";
			versionGroupType = wrapper.xcdatamodel;
		};
/* End XCVersionGroup section */
	};
	rootObject = 932229322663B26F0010ECA7 /* Project object */;
}
